
Microsoft Visual Studio Solution File, Format Version 12.00
# Visual Studio Version 17
VisualStudioVersion = 17.10.35027.167
MinimumVisualStudioVersion = 10.0.40219.1
Project("{FAE04EC0-301F-11D3-BF4B-00C04F79EFBC}") = "MVC_letcures", "MVC_letcures\MVC_letcures.csproj", "{C3F8D96E-6CF5-40A7-9C64-20C2FC364817}"
EndProject
Global
	GlobalSection(SolutionConfigurationPlatforms) = preSolution
		Debug|Any CPU = Debug|Any CPU
		Release|Any CPU = Release|Any CPU
	EndGlobalSection
	GlobalSection(ProjectConfigurationPlatforms) = postSolution
		{C3F8D96E-6CF5-40A7-9C64-20C2FC364817}.Debug|Any CPU.ActiveCfg = Debug|Any CPU
		{C3F8D96E-6CF5-40A7-9C64-20C2FC364817}.Debug|Any CPU.Build.0 = Debug|Any CPU
		{C3F8D96E-6CF5-40A7-9C64-20C2FC364817}.Release|Any CPU.ActiveCfg = Release|Any CPU
		{C3F8D96E-6CF5-40A7-9C64-20C2FC364817}.Release|Any CPU.Build.0 = Release|Any CPU
	EndGlobalSection
	GlobalSection(SolutionProperties) = preSolution
		HideSolutionNode = FALSE
	EndGlobalSection
	GlobalSection(ExtensibilityGlobals) = postSolution
		SolutionGuid = {CD6FACBD-D2C1-4608-B8C5-82FACEF508A5}
	EndGlobalSection
EndGlobal
